
Microsoft Visual Studio Solution File, Format Version 12.00
# Visual Studio 15
VisualStudioVersion = 15.0.28307.136
MinimumVisualStudioVersion = 10.0.40219.1
Project("{9A19103F-16F7-4668-BE54-9A1E7A4F7556}") = "WebApi", "WebApi.csproj", "{DB63AC20-366B-44BB-AEE3-83FDEB94F6CE}"
EndProject
Global
	GlobalSection(SolutionConfigurationPlatforms) = preSolution
		Debug|Any CPU = Debug|Any CPU
		Release|Any CPU = Release|Any CPU
	EndGlobalSection
	GlobalSection(ProjectConfigurationPlatforms) = postSolution
		{DB63AC20-366B-44BB-AEE3-83FDEB94F6CE}.Debug|Any CPU.ActiveCfg = Debug|Any CPU
		{DB63AC20-366B-44BB-AEE3-83FDEB94F6CE}.Debug|Any CPU.Build.0 = Debug|Any CPU
		{DB63AC20-366B-44BB-AEE3-83FDEB94F6CE}.Release|Any CPU.ActiveCfg = Release|Any CPU
		{DB63AC20-366B-44BB-AEE3-83FDEB94F6CE}.Release|Any CPU.Build.0 = Release|Any CPU
	EndGlobalSection
	GlobalSection(SolutionProperties) = preSolution
		HideSolutionNode = FALSE
	EndGlobalSection
	GlobalSection(ExtensibilityGlobals) = postSolution
		SolutionGuid = {8CD7237C-3141-4A08-A182-391006283FE9}
	EndGlobalSection
EndGlobal
